
Microsoft Visual Studio Solution File, Format Version 12.00
# Visual Studio Version 17
VisualStudioVersion = 17.6.33723.286
MinimumVisualStudioVersion = 10.0.40219.1
Project("{9A19103F-16F7-4668-BE54-9A1E7A4F7556}") = "OnlineShopping_API", "OnlineShopping\OnlineShopping_API.csproj", "{8A51E47F-81BE-43CE-AADF-85A68BD63EB5}"
EndProject
Project("{FAE04EC0-301F-11D3-BF4B-00C04F79EFBC}") = "OnlineShopping_Web", "OnlineShopping_Web\OnlineShopping_Web.csproj", "{ADBB7F59-7715-4185-A900-77EFA25C09A6}"
EndProject
Project("{FAE04EC0-301F-11D3-BF4B-00C04F79EFBC}") = "OnlineShopping_Utility", "OnlineShopping_Utility\OnlineShopping_Utility.csproj", "{E6BFCE52-FDB8-4E56-A43A-9FBE01FE7F0F}"
EndProject
Global
	GlobalSection(SolutionConfigurationPlatforms) = preSolution
		Debug|Any CPU = Debug|Any CPU
		Release|Any CPU = Release|Any CPU
	EndGlobalSection
	GlobalSection(ProjectConfigurationPlatforms) = postSolution
		{8A51E47F-81BE-43CE-AADF-85A68BD63EB5}.Debug|Any CPU.ActiveCfg = Debug|Any CPU
		{8A51E47F-81BE-43CE-AADF-85A68BD63EB5}.Debug|Any CPU.Build.0 = Debug|Any CPU
		{8A51E47F-81BE-43CE-AADF-85A68BD63EB5}.Release|Any CPU.ActiveCfg = Release|Any CPU
		{8A51E47F-81BE-43CE-AADF-85A68BD63EB5}.Release|Any CPU.Build.0 = Release|Any CPU
		{ADBB7F59-7715-4185-A900-77EFA25C09A6}.Debug|Any CPU.ActiveCfg = Debug|Any CPU
		{ADBB7F59-7715-4185-A900-77EFA25C09A6}.Debug|Any CPU.Build.0 = Debug|Any CPU
		{ADBB7F59-7715-4185-A900-77EFA25C09A6}.Release|Any CPU.ActiveCfg = Release|Any CPU
		{ADBB7F59-7715-4185-A900-77EFA25C09A6}.Release|Any CPU.Build.0 = Release|Any CPU
		{E6BFCE52-FDB8-4E56-A43A-9FBE01FE7F0F}.Debug|Any CPU.ActiveCfg = Debug|Any CPU
		{E6BFCE52-FDB8-4E56-A43A-9FBE01FE7F0F}.Debug|Any CPU.Build.0 = Debug|Any CPU
		{E6BFCE52-FDB8-4E56-A43A-9FBE01FE7F0F}.Release|Any CPU.ActiveCfg = Release|Any CPU
		{E6BFCE52-FDB8-4E56-A43A-9FBE01FE7F0F}.Release|Any CPU.Build.0 = Release|Any CPU
	EndGlobalSection
	GlobalSection(SolutionProperties) = preSolution
		HideSolutionNode = FALSE
	EndGlobalSection
	GlobalSection(ExtensibilityGlobals) = postSolution
		SolutionGuid = {5D22D52F-C478-44E0-96EF-CA5F2144F3D3}
	EndGlobalSection
EndGlobal
